{
  "object": {
    "pins": [
      {
        "package": "Bagel",
        "repositoryURL": "https://github.com/mran3/Bagel",
        "state": {
          "branch": null,
          "revision": "5cc29babbb9161cc5fe9c7777254e5d5afbe2f02",
          "version": "1.5.1"
        }
      },
      {
        "package": "CocoaAsyncSocket",
        "repositoryURL": "https://github.com/robbiehanson/CocoaAsyncSocket.git",
        "state": {
          "branch": null,
          "revision": "dbdc00669c1ced63b27c3c5f052ee4d28f10150c",
          "version": "7.6.5"
        }
      },
      {
        "package": "Kingfisher",
        "repositoryURL": "https://github.com/onevcat/Kingfisher",
        "state": {
          "branch": null,
          "revision": "0c02c46cfdc0656ce74fd0963a75e5000a0b7f23",
          "version": "7.1.2"
        }
      }
    ]
  },
  "version": 1
}
